
Microsoft Visual Studio Solution File, Format Version 12.00
# Visual Studio Version 16
VisualStudioVersion = 25.0.1703.4
MinimumVisualStudioVersion = 10.0.40219.1
Project("{FAE04EC0-301F-11D3-BF4B-00C04F79EFBC}") = "CleanProject.API", "CleanProject.API.csproj", "{7B3C04F0-FED1-4847-A3FB-5E84AC89EDD0}"
EndProject
Global
	GlobalSection(SolutionConfigurationPlatforms) = preSolution
		Debug|Any CPU = Debug|Any CPU
		Release|Any CPU = Release|Any CPU
	EndGlobalSection
	GlobalSection(ProjectConfigurationPlatforms) = postSolution
		{7B3C04F0-FED1-4847-A3FB-5E84AC89EDD0}.Debug|Any CPU.ActiveCfg = Debug|Any CPU
		{7B3C04F0-FED1-4847-A3FB-5E84AC89EDD0}.Debug|Any CPU.Build.0 = Debug|Any CPU
		{7B3C04F0-FED1-4847-A3FB-5E84AC89EDD0}.Release|Any CPU.ActiveCfg = Release|Any CPU
		{7B3C04F0-FED1-4847-A3FB-5E84AC89EDD0}.Release|Any CPU.Build.0 = Release|Any CPU
	EndGlobalSection
	GlobalSection(SolutionProperties) = preSolution
		HideSolutionNode = FALSE
	EndGlobalSection
	GlobalSection(ExtensibilityGlobals) = postSolution
		SolutionGuid = {1BA13C4F-91B5-4047-9837-AAE4138BE1E4}
	EndGlobalSection
EndGlobal
